// !$*UTF8*$!
{
	archiveVersion = 1;
	classes = {
	};
	objectVersion = 60;
	objects = {

/* Begin PBXBuildFile section */
		AABBCC000000000000000020 /* LukeApp.swift in Sources */ = {isa = PBXBuildFile; fileRef = AABBCC000000000000000012 /* LukeApp.swift */; };
		AABBCC000000000000000021 /* ContentView.swift in Sources */ = {isa = PBXBuildFile; fileRef = AABBCC000000000000000013 /* ContentView.swift */; };
		AABBCC000000000000000022 /* Assets.xcassets in Resources */ = {isa = PBXBuildFile; fileRef = AABBCC000000000000000014 /* Assets.xcassets */; };
		AABBCC000000000000000023 /* LukeTests.swift in Sources */ = {isa = PBXBuildFile; fileRef = AABBCC000000000000000015 /* LukeTests.swift */; };
		AABBCC000000000000000083 /* LukeKit in Frameworks */ = {isa = PBXBuildFile; productRef = AABBCC000000000000000081 /* LukeKit */; };
		AABBCC000000000000000084 /* LukeKit in Frameworks */ = {isa = PBXBuildFile; productRef = AABBCC000000000000000082 /* LukeKit */; };
		AABBCC000000000000000085 /* Marks.swift in Sources */ = {isa = PBXBuildFile; fileRef = AABBCC000000000000000016 /* Marks.swift */; };
		AABBCC000000000000000086 /* SVGPath.swift in Sources */ = {isa = PBXBuildFile; fileRef = AABBCC000000000000000017 /* SVGPath.swift */; };
		AABBCC000000000000000087 /* VaultView.swift in Sources */ = {isa = PBXBuildFile; fileRef = AABBCC000000000000000018 /* VaultView.swift */; };
		AABBCC000000000000000088 /* Palette.swift in Sources */ = {isa = PBXBuildFile; fileRef = AABBCC000000000000000019 /* Palette.swift */; };
		AABBCC000000000000000089 /* CanvasInkTests.swift in Sources */ = {isa = PBXBuildFile; fileRef = AABBCC00000000000000001A /* CanvasInkTests.swift */; };
		AABBCC00000000000000008A /* SessionsView.swift in Sources */ = {isa = PBXBuildFile; fileRef = AABBCC00000000000000001B /* SessionsView.swift */; };
		AABBCC00000000000000008C /* SessionDetailView.swift in Sources */ = {isa = PBXBuildFile; fileRef = AABBCC00000000000000001D /* SessionDetailView.swift */; };
		AABBCC00000000000000008D /* WorkspaceCreatorSheet.swift in Sources */ = {isa = PBXBuildFile; fileRef = AABBCC00000000000000001E /* WorkspaceCreatorSheet.swift */; };
		AABBCC00000000000000008E /* SessionReplay.swift in Sources */ = {isa = PBXBuildFile; fileRef = AABBCC00000000000000001F /* SessionReplay.swift */; };
		AABBCC000000000000000092 /* PostHog in Frameworks */ = {isa = PBXBuildFile; productRef = AABBCC000000000000000091 /* PostHog */; };
		AABBCC0000000000000000A2 /* PresenceBinding.swift in Sources */ = {isa = PBXBuildFile; fileRef = AABBCC0000000000000000A1 /* PresenceBinding.swift */; };
		AABBCC0000000000000000A4 /* MarkdownMessageView.swift in Sources */ = {isa = PBXBuildFile; fileRef = AABBCC0000000000000000A3 /* MarkdownMessageView.swift */; };
		AABBCC0000000000000000B4 /* LukeWatchApp.swift in Sources */ = {isa = PBXBuildFile; fileRef = AABBCC0000000000000000B0 /* LukeWatchApp.swift */; };
		AABBCC0000000000000000B5 /* LukeWatchView.swift in Sources */ = {isa = PBXBuildFile; fileRef = AABBCC0000000000000000B1 /* LukeWatchView.swift */; };
		AABBCC0000000000000000B6 /* Assets.xcassets in Resources */ = {isa = PBXBuildFile; fileRef = AABBCC0000000000000000B2 /* Assets.xcassets */; };
		AABBCC0000000000000000B7 /* LukeKit in Frameworks */ = {isa = PBXBuildFile; productRef = AABBCC0000000000000000C0 /* LukeKit */; };
		AABBCC0000000000000000C7 /* WatchTokenStore.swift in Sources */ = {isa = PBXBuildFile; fileRef = AABBCC0000000000000000C1 /* WatchTokenStore.swift */; };
		AABBCC0000000000000000FB /* WatchNetwork.swift in Sources */ = {isa = PBXBuildFile; fileRef = AABBCC0000000000000000FA /* WatchNetwork.swift */; };
		AABBCC0000000000000000FD /* WatchVoiceAudioSession.swift in Sources */ = {isa = PBXBuildFile; fileRef = AABBCC0000000000000000FC /* WatchVoiceAudioSession.swift */; };
		AABBCC0000000000000000F7 /* WatchWebSocketChannel.swift in Sources */ = {isa = PBXBuildFile; fileRef = AABBCC0000000000000000FF /* WatchWebSocketChannel.swift */; };
		AABBCC0000000000000000C8 /* WatchAccountSession.swift in Sources */ = {isa = PBXBuildFile; fileRef = AABBCC0000000000000000C2 /* WatchAccountSession.swift */; };
		AABBCC0000000000000000C9 /* WatchConnectivityReceiver.swift in Sources */ = {isa = PBXBuildFile; fileRef = AABBCC0000000000000000C3 /* WatchConnectivityReceiver.swift */; };
		AABBCC0000000000000000CA /* PhoneSessionRelay.swift in Sources */ = {isa = PBXBuildFile; fileRef = AABBCC0000000000000000C4 /* PhoneSessionRelay.swift */; };
		AABBCC0000000000000000CB /* WatchConnectivity.framework in Frameworks */ = {isa = PBXBuildFile; fileRef = AABBCC0000000000000000C5 /* WatchConnectivity.framework */; };
		AABBCC0000000000000000CC /* WatchConnectivity.framework in Frameworks */ = {isa = PBXBuildFile; fileRef = AABBCC0000000000000000C5 /* WatchConnectivity.framework */; };
		AABBCC0000000000000000E2 /* WatchRosterStore.swift in Sources */ = {isa = PBXBuildFile; fileRef = AABBCC0000000000000000E1 /* WatchRosterStore.swift */; };
		AABBCC0000000000000000E4 /* WatchRosterView.swift in Sources */ = {isa = PBXBuildFile; fileRef = AABBCC0000000000000000E3 /* WatchRosterView.swift */; };
		AABBCC0000000000000000F4 /* MarkdownMessageView.swift in Sources */ = {isa = PBXBuildFile; fileRef = AABBCC0000000000000000A3 /* MarkdownMessageView.swift */; };
		AABBCC0000000000000000F0 /* LukeWatch.app in Embed Watch Content */ = {isa = PBXBuildFile; fileRef = AABBCC0000000000000000B3 /* LukeWatch.app */; settings = {ATTRIBUTES = (RemoveHeadersOnCopy, ); }; };
		AABBCC0000000000000000D4 /* VoiceView.swift in Sources */ = {isa = PBXBuildFile; fileRef = AABBCC0000000000000000D0 /* VoiceView.swift */; };
		AABBCC0000000000000000D5 /* VoiceAudioCapturer.swift in Sources */ = {isa = PBXBuildFile; fileRef = AABBCC0000000000000000D1 /* VoiceAudioCapturer.swift */; };
		AABBCC0000000000000000D6 /* VoiceAudioPlayer.swift in Sources */ = {isa = PBXBuildFile; fileRef = AABBCC0000000000000000D2 /* VoiceAudioPlayer.swift */; };
		AABBCC0000000000000000D9 /* VoiceSettingsSheet.swift in Sources */ = {isa = PBXBuildFile; fileRef = AABBCC0000000000000000D8 /* VoiceSettingsSheet.swift */; };
		AABBCC0000000000000000F9 /* SessionsStore.swift in Sources */ = {isa = PBXBuildFile; fileRef = AABBCC0000000000000000F8 /* SessionsStore.swift */; };
		AABBCC0000000000000000E6 /* WatchVoiceView.swift in Sources */ = {isa = PBXBuildFile; fileRef = AABBCC0000000000000000E5 /* WatchVoiceView.swift */; };
		AABBCC0000000000000000E8 /* WatchVoiceSessionModel.swift in Sources */ = {isa = PBXBuildFile; fileRef = AABBCC0000000000000000E7 /* WatchVoiceSessionModel.swift */; };
		AABBCC0000000000000000EA /* WatchAudioCapturer.swift in Sources */ = {isa = PBXBuildFile; fileRef = AABBCC0000000000000000E9 /* WatchAudioCapturer.swift */; };
		AABBCC0000000000000000EC /* WatchAudioPlayer.swift in Sources */ = {isa = PBXBuildFile; fileRef = AABBCC0000000000000000EB /* WatchAudioPlayer.swift */; };
		AABBCC0000000000000000EE /* WatchLukeMark.swift in Sources */ = {isa = PBXBuildFile; fileRef = AABBCC0000000000000000ED /* WatchLukeMark.swift */; };
		AABBCC0000000000000000F6 /* WatchNavigation.swift in Sources */ = {isa = PBXBuildFile; fileRef = AABBCC0000000000000000F5 /* WatchNavigation.swift */; };
/* End PBXBuildFile section */

/* Begin PBXContainerItemProxy section */
		AABBCC0000000000000000F1 /* PBXContainerItemProxy */ = {
			isa = PBXContainerItemProxy;
			containerPortal = AABBCC000000000000000001 /* Project object */;
			proxyType = 1;
			remoteGlobalIDString = AABBCC0000000000000000B9;
			remoteInfo = LukeWatch;
		};
/* End PBXContainerItemProxy section */

/* Begin PBXCopyFilesBuildPhase section */
		AABBCC0000000000000000F2 /* Embed Watch Content */ = {
			isa = PBXCopyFilesBuildPhase;
			buildActionMask = 2147483647;
			dstPath = "$(CONTENTS_FOLDER_PATH)/Watch";
			dstSubfolderSpec = 16;
			files = (
				AABBCC0000000000000000F0 /* LukeWatch.app in Embed Watch Content */,
			);
			name = "Embed Watch Content";
			runOnlyForDeploymentPostprocessing = 0;
		};
/* End PBXCopyFilesBuildPhase section */

/* Begin PBXFileReference section */
		AABBCC000000000000000010 /* Luke.app */ = {isa = PBXFileReference; explicitFileType = wrapper.application; includeInIndex = 0; path = Luke.app; sourceTree = BUILT_PRODUCTS_DIR; };
		AABBCC000000000000000011 /* LukeTests.xctest */ = {isa = PBXFileReference; explicitFileType = wrapper.cfbundle; includeInIndex = 0; path = LukeTests.xctest; sourceTree = BUILT_PRODUCTS_DIR; };
		AABBCC000000000000000012 /* LukeApp.swift */ = {isa = PBXFileReference; lastKnownFileType = sourcecode.swift; path = LukeApp.swift; sourceTree = "<group>"; };
		AABBCC000000000000000013 /* ContentView.swift */ = {isa = PBXFileReference; lastKnownFileType = sourcecode.swift; path = ContentView.swift; sourceTree = "<group>"; };
		AABBCC000000000000000014 /* Assets.xcassets */ = {isa = PBXFileReference; lastKnownFileType = folder.assetcatalog; path = Assets.xcassets; sourceTree = "<group>"; };
		AABBCC000000000000000015 /* LukeTests.swift */ = {isa = PBXFileReference; lastKnownFileType = sourcecode.swift; path = LukeTests.swift; sourceTree = "<group>"; };
		AABBCC000000000000000016 /* Marks.swift */ = {isa = PBXFileReference; lastKnownFileType = sourcecode.swift; path = Marks.swift; sourceTree = "<group>"; };
		AABBCC000000000000000017 /* SVGPath.swift */ = {isa = PBXFileReference; lastKnownFileType = sourcecode.swift; path = SVGPath.swift; sourceTree = "<group>"; };
		AABBCC000000000000000018 /* VaultView.swift */ = {isa = PBXFileReference; lastKnownFileType = sourcecode.swift; path = VaultView.swift; sourceTree = "<group>"; };
		AABBCC000000000000000019 /* Palette.swift */ = {isa = PBXFileReference; lastKnownFileType = sourcecode.swift; path = Palette.swift; sourceTree = "<group>"; };
		AABBCC00000000000000001A /* CanvasInkTests.swift */ = {isa = PBXFileReference; lastKnownFileType = sourcecode.swift; path = CanvasInkTests.swift; sourceTree = "<group>"; };
		AABBCC00000000000000001B /* SessionsView.swift */ = {isa = PBXFileReference; lastKnownFileType = sourcecode.swift; path = SessionsView.swift; sourceTree = "<group>"; };
		AABBCC00000000000000001C /* Info.plist */ = {isa = PBXFileReference; lastKnownFileType = text.plist.xml; path = Info.plist; sourceTree = "<group>"; };
		AABBCC00000000000000001D /* SessionDetailView.swift */ = {isa = PBXFileReference; lastKnownFileType = sourcecode.swift; path = SessionDetailView.swift; sourceTree = "<group>"; };
		AABBCC00000000000000001E /* WorkspaceCreatorSheet.swift */ = {isa = PBXFileReference; lastKnownFileType = sourcecode.swift; path = WorkspaceCreatorSheet.swift; sourceTree = "<group>"; };
		AABBCC00000000000000001F /* SessionReplay.swift */ = {isa = PBXFileReference; lastKnownFileType = sourcecode.swift; path = SessionReplay.swift; sourceTree = "<group>"; };
		AABBCC0000000000000000A1 /* PresenceBinding.swift */ = {isa = PBXFileReference; lastKnownFileType = sourcecode.swift; path = PresenceBinding.swift; sourceTree = "<group>"; };
		AABBCC0000000000000000A3 /* MarkdownMessageView.swift */ = {isa = PBXFileReference; lastKnownFileType = sourcecode.swift; path = MarkdownMessageView.swift; sourceTree = "<group>"; };
		AABBCC0000000000000000B0 /* LukeWatchApp.swift */ = {isa = PBXFileReference; lastKnownFileType = sourcecode.swift; path = LukeWatchApp.swift; sourceTree = "<group>"; };
		AABBCC0000000000000000B1 /* LukeWatchView.swift */ = {isa = PBXFileReference; lastKnownFileType = sourcecode.swift; path = LukeWatchView.swift; sourceTree = "<group>"; };
		AABBCC0000000000000000B2 /* Assets.xcassets */ = {isa = PBXFileReference; lastKnownFileType = folder.assetcatalog; path = Assets.xcassets; sourceTree = "<group>"; };
		AABBCC0000000000000000B3 /* LukeWatch.app */ = {isa = PBXFileReference; explicitFileType = wrapper.application; includeInIndex = 0; path = LukeWatch.app; sourceTree = BUILT_PRODUCTS_DIR; };
		AABBCC0000000000000000C1 /* WatchTokenStore.swift */ = {isa = PBXFileReference; lastKnownFileType = sourcecode.swift; path = WatchTokenStore.swift; sourceTree = "<group>"; };
		AABBCC0000000000000000FA /* WatchNetwork.swift */ = {isa = PBXFileReference; lastKnownFileType = sourcecode.swift; path = WatchNetwork.swift; sourceTree = "<group>"; };
		AABBCC0000000000000000FC /* WatchVoiceAudioSession.swift */ = {isa = PBXFileReference; lastKnownFileType = sourcecode.swift; path = WatchVoiceAudioSession.swift; sourceTree = "<group>"; };
		AABBCC0000000000000000FF /* WatchWebSocketChannel.swift */ = {isa = PBXFileReference; lastKnownFileType = sourcecode.swift; path = WatchWebSocketChannel.swift; sourceTree = "<group>"; };
		AABBCC0000000000000000FE /* Info.plist */ = {isa = PBXFileReference; lastKnownFileType = text.plist.xml; path = Info.plist; sourceTree = "<group>"; };
		AABBCC0000000000000000C2 /* WatchAccountSession.swift */ = {isa = PBXFileReference; lastKnownFileType = sourcecode.swift; path = WatchAccountSession.swift; sourceTree = "<group>"; };
		AABBCC0000000000000000C3 /* WatchConnectivityReceiver.swift */ = {isa = PBXFileReference; lastKnownFileType = sourcecode.swift; path = WatchConnectivityReceiver.swift; sourceTree = "<group>"; };
		AABBCC0000000000000000E1 /* WatchRosterStore.swift */ = {isa = PBXFileReference; lastKnownFileType = sourcecode.swift; path = WatchRosterStore.swift; sourceTree = "<group>"; };
		AABBCC0000000000000000E3 /* WatchRosterView.swift */ = {isa = PBXFileReference; lastKnownFileType = sourcecode.swift; path = WatchRosterView.swift; sourceTree = "<group>"; };
		AABBCC0000000000000000C4 /* PhoneSessionRelay.swift */ = {isa = PBXFileReference; lastKnownFileType = sourcecode.swift; path = PhoneSessionRelay.swift; sourceTree = "<group>"; };
		AABBCC0000000000000000C5 /* WatchConnectivity.framework */ = {isa = PBXFileReference; lastKnownFileType = wrapper.framework; name = WatchConnectivity.framework; path = System/Library/Frameworks/WatchConnectivity.framework; sourceTree = SDKROOT; };
		AABBCC0000000000000000D0 /* VoiceView.swift */ = {isa = PBXFileReference; lastKnownFileType = sourcecode.swift; path = VoiceView.swift; sourceTree = "<group>"; };
		AABBCC0000000000000000D1 /* VoiceAudioCapturer.swift */ = {isa = PBXFileReference; lastKnownFileType = sourcecode.swift; path = VoiceAudioCapturer.swift; sourceTree = "<group>"; };
		AABBCC0000000000000000D2 /* VoiceAudioPlayer.swift */ = {isa = PBXFileReference; lastKnownFileType = sourcecode.swift; path = VoiceAudioPlayer.swift; sourceTree = "<group>"; };
		AABBCC0000000000000000D8 /* VoiceSettingsSheet.swift */ = {isa = PBXFileReference; lastKnownFileType = sourcecode.swift; path = VoiceSettingsSheet.swift; sourceTree = "<group>"; };
		AABBCC0000000000000000F8 /* SessionsStore.swift */ = {isa = PBXFileReference; lastKnownFileType = sourcecode.swift; path = SessionsStore.swift; sourceTree = "<group>"; };
		AABBCC0000000000000000E5 /* WatchVoiceView.swift */ = {isa = PBXFileReference; lastKnownFileType = sourcecode.swift; path = WatchVoiceView.swift; sourceTree = "<group>"; };
		AABBCC0000000000000000E7 /* WatchVoiceSessionModel.swift */ = {isa = PBXFileReference; lastKnownFileType = sourcecode.swift; path = WatchVoiceSessionModel.swift; sourceTree = "<group>"; };
		AABBCC0000000000000000E9 /* WatchAudioCapturer.swift */ = {isa = PBXFileReference; lastKnownFileType = sourcecode.swift; path = WatchAudioCapturer.swift; sourceTree = "<group>"; };
		AABBCC0000000000000000EB /* WatchAudioPlayer.swift */ = {isa = PBXFileReference; lastKnownFileType = sourcecode.swift; path = WatchAudioPlayer.swift; sourceTree = "<group>"; };
		AABBCC0000000000000000ED /* WatchLukeMark.swift */ = {isa = PBXFileReference; lastKnownFileType = sourcecode.swift; path = WatchLukeMark.swift; sourceTree = "<group>"; };
		AABBCC0000000000000000F5 /* WatchNavigation.swift */ = {isa = PBXFileReference; lastKnownFileType = sourcecode.swift; path = WatchNavigation.swift; sourceTree = "<group>"; };
/* End PBXFileReference section */

/* Begin PBXFrameworksBuildPhase section */
		AABBCC000000000000000042 /* Frameworks */ = {
			isa = PBXFrameworksBuildPhase;
			buildActionMask = 2147483647;
			files = (
				AABBCC000000000000000083 /* LukeKit in Frameworks */,
				AABBCC000000000000000092 /* PostHog in Frameworks */,
				AABBCC0000000000000000CC /* WatchConnectivity.framework in Frameworks */,
			);
			runOnlyForDeploymentPostprocessing = 0;
		};
		AABBCC000000000000000045 /* Frameworks */ = {
			isa = PBXFrameworksBuildPhase;
			buildActionMask = 2147483647;
			files = (
				AABBCC000000000000000084 /* LukeKit in Frameworks */,
			);
			runOnlyForDeploymentPostprocessing = 0;
		};
		AABBCC0000000000000000BC /* Frameworks */ = {
			isa = PBXFrameworksBuildPhase;
			buildActionMask = 2147483647;
			files = (
				AABBCC0000000000000000B7 /* LukeKit in Frameworks */,
				AABBCC0000000000000000CB /* WatchConnectivity.framework in Frameworks */,
			);
			runOnlyForDeploymentPostprocessing = 0;
		};
/* End PBXFrameworksBuildPhase section */

/* Begin PBXGroup section */
		AABBCC000000000000000002 = {
			isa = PBXGroup;
			children = (
				AABBCC000000000000000004 /* Luke */,
				AABBCC000000000000000005 /* LukeTests */,
				AABBCC0000000000000000B8 /* LukeWatch */,
				AABBCC0000000000000000E0 /* Frameworks */,
				AABBCC000000000000000003 /* Products */,
			);
			sourceTree = "<group>";
		};
		AABBCC000000000000000003 /* Products */ = {
			isa = PBXGroup;
			children = (
				AABBCC000000000000000010 /* Luke.app */,
				AABBCC000000000000000011 /* LukeTests.xctest */,
				AABBCC0000000000000000B3 /* LukeWatch.app */,
			);
			name = Products;
			sourceTree = "<group>";
		};
		AABBCC000000000000000004 /* Luke */ = {
			isa = PBXGroup;
			children = (
				AABBCC000000000000000012 /* LukeApp.swift */,
				AABBCC000000000000000013 /* ContentView.swift */,
				AABBCC000000000000000016 /* Marks.swift */,
				AABBCC000000000000000019 /* Palette.swift */,
				AABBCC000000000000000017 /* SVGPath.swift */,
				AABBCC000000000000000018 /* VaultView.swift */,
				AABBCC00000000000000001B /* SessionsView.swift */,
				AABBCC0000000000000000F8 /* SessionsStore.swift */,
				AABBCC00000000000000001D /* SessionDetailView.swift */,
				AABBCC00000000000000001E /* WorkspaceCreatorSheet.swift */,
				AABBCC00000000000000001F /* SessionReplay.swift */,
				AABBCC0000000000000000A1 /* PresenceBinding.swift */,
				AABBCC0000000000000000A3 /* MarkdownMessageView.swift */,
				AABBCC0000000000000000C4 /* PhoneSessionRelay.swift */,
				AABBCC0000000000000000D0 /* VoiceView.swift */,
				AABBCC0000000000000000D1 /* VoiceAudioCapturer.swift */,
				AABBCC0000000000000000D2 /* VoiceAudioPlayer.swift */,
				AABBCC0000000000000000D8 /* VoiceSettingsSheet.swift */,
				AABBCC000000000000000014 /* Assets.xcassets */,
				AABBCC00000000000000001C /* Info.plist */,
			);
			path = Luke;
			sourceTree = "<group>";
		};
		AABBCC000000000000000005 /* LukeTests */ = {
			isa = PBXGroup;
			children = (
				AABBCC00000000000000001A /* CanvasInkTests.swift */,
				AABBCC000000000000000015 /* LukeTests.swift */,
			);
			path = LukeTests;
			sourceTree = "<group>";
		};
		AABBCC0000000000000000B8 /* LukeWatch */ = {
			isa = PBXGroup;
			children = (
				AABBCC0000000000000000B0 /* LukeWatchApp.swift */,
				AABBCC0000000000000000B1 /* LukeWatchView.swift */,
				AABBCC0000000000000000C1 /* WatchTokenStore.swift */,
				AABBCC0000000000000000FA /* WatchNetwork.swift */,
				AABBCC0000000000000000FC /* WatchVoiceAudioSession.swift */,
				AABBCC0000000000000000FF /* WatchWebSocketChannel.swift */,
				AABBCC0000000000000000FE /* Info.plist */,
				AABBCC0000000000000000C2 /* WatchAccountSession.swift */,
				AABBCC0000000000000000C3 /* WatchConnectivityReceiver.swift */,
				AABBCC0000000000000000E1 /* WatchRosterStore.swift */,
				AABBCC0000000000000000E3 /* WatchRosterView.swift */,
				AABBCC0000000000000000E5 /* WatchVoiceView.swift */,
				AABBCC0000000000000000E7 /* WatchVoiceSessionModel.swift */,
				AABBCC0000000000000000E9 /* WatchAudioCapturer.swift */,
				AABBCC0000000000000000EB /* WatchAudioPlayer.swift */,
				AABBCC0000000000000000ED /* WatchLukeMark.swift */,
				AABBCC0000000000000000F5 /* WatchNavigation.swift */,
				AABBCC0000000000000000B2 /* Assets.xcassets */,
			);
			path = LukeWatch;
			sourceTree = "<group>";
		};
		AABBCC0000000000000000E0 /* Frameworks */ = {
			isa = PBXGroup;
			children = (
				AABBCC0000000000000000C5 /* WatchConnectivity.framework */,
			);
			name = Frameworks;
			sourceTree = "<group>";
		};
/* End PBXGroup section */

/* Begin PBXNativeTarget section */
		AABBCC000000000000000030 /* Luke */ = {
			isa = PBXNativeTarget;
			buildConfigurationList = AABBCC000000000000000061 /* Build configuration list for PBXNativeTarget "Luke" */;
			buildPhases = (
				AABBCC000000000000000040 /* Sources */,
				AABBCC000000000000000041 /* Resources */,
				AABBCC000000000000000042 /* Frameworks */,
				AABBCC0000000000000000F2 /* Embed Watch Content */,
			);
			buildRules = (
			);
			dependencies = (
				AABBCC0000000000000000F3 /* PBXTargetDependency */,
			);
			name = Luke;
			packageProductDependencies = (
				AABBCC000000000000000081 /* LukeKit */,
				AABBCC000000000000000091 /* PostHog */,
			);
			productName = Luke;
			productReference = AABBCC000000000000000010 /* Luke.app */;
			productType = "com.apple.product-type.application";
		};
		AABBCC000000000000000031 /* LukeTests */ = {
			isa = PBXNativeTarget;
			buildConfigurationList = AABBCC000000000000000062 /* Build configuration list for PBXNativeTarget "LukeTests" */;
			buildPhases = (
				AABBCC000000000000000043 /* Sources */,
				AABBCC000000000000000044 /* Resources */,
				AABBCC000000000000000045 /* Frameworks */,
			);
			buildRules = (
			);
			dependencies = (
			);
			name = LukeTests;
			packageProductDependencies = (
				AABBCC000000000000000082 /* LukeKit */,
			);
			productName = LukeTests;
			productReference = AABBCC000000000000000011 /* LukeTests.xctest */;
			productType = "com.apple.product-type.bundle.unit-test";
		};
		AABBCC0000000000000000B9 /* LukeWatch */ = {
			isa = PBXNativeTarget;
			buildConfigurationList = AABBCC0000000000000000BF /* Build configuration list for PBXNativeTarget "LukeWatch" */;
			buildPhases = (
				AABBCC0000000000000000BA /* Sources */,
				AABBCC0000000000000000BB /* Resources */,
				AABBCC0000000000000000BC /* Frameworks */,
			);
			buildRules = (
			);
			dependencies = (
			);
			name = LukeWatch;
			packageProductDependencies = (
				AABBCC0000000000000000C0 /* LukeKit */,
			);
			productName = LukeWatch;
			productReference = AABBCC0000000000000000B3 /* LukeWatch.app */;
			productType = "com.apple.product-type.application";
		};
/* End PBXNativeTarget section */

/* Begin PBXProject section */
		AABBCC000000000000000001 /* Project object */ = {
			isa = PBXProject;
			attributes = {
				BuildIndependentTargetsInParallel = 1;
				LastSwiftUpdateCheck = 1600;
				LastUpgradeCheck = 1600;
				TargetAttributes = {
					AABBCC000000000000000030 = {
						CreatedOnToolsVersion = 16.0;
					};
					AABBCC000000000000000031 = {
						CreatedOnToolsVersion = 16.0;
						TestTargetID = AABBCC000000000000000030;
					};
					AABBCC0000000000000000B9 = {
						CreatedOnToolsVersion = 16.0;
					};
				};
			};
			buildConfigurationList = AABBCC000000000000000060 /* Build configuration list for PBXProject "Luke" */;
			compatibilityVersion = "Xcode 14.0";
			developmentRegion = en;
			hasScannedForEncodings = 0;
			knownRegions = (
				en,
				Base,
			);
			mainGroup = AABBCC000000000000000002;
			packageReferences = (
				AABBCC000000000000000080 /* XCLocalSwiftPackageReference "LukeKit" */,
				AABBCC000000000000000090 /* XCRemoteSwiftPackageReference "posthog-ios" */,
			);
			productRefGroup = AABBCC000000000000000003 /* Products */;
			projectDirPath = "";
			projectRoot = "";
			targets = (
				AABBCC000000000000000030 /* Luke */,
				AABBCC000000000000000031 /* LukeTests */,
				AABBCC0000000000000000B9 /* LukeWatch */,
			);
		};
/* End PBXProject section */

/* Begin PBXResourcesBuildPhase section */
		AABBCC000000000000000041 /* Resources */ = {
			isa = PBXResourcesBuildPhase;
			buildActionMask = 2147483647;
			files = (
				AABBCC000000000000000022 /* Assets.xcassets in Resources */,
			);
			runOnlyForDeploymentPostprocessing = 0;
		};
		AABBCC000000000000000044 /* Resources */ = {
			isa = PBXResourcesBuildPhase;
			buildActionMask = 2147483647;
			files = (
			);
			runOnlyForDeploymentPostprocessing = 0;
		};
		AABBCC0000000000000000BB /* Resources */ = {
			isa = PBXResourcesBuildPhase;
			buildActionMask = 2147483647;
			files = (
				AABBCC0000000000000000B6 /* Assets.xcassets in Resources */,
			);
			runOnlyForDeploymentPostprocessing = 0;
		};
/* End PBXResourcesBuildPhase section */

/* Begin PBXSourcesBuildPhase section */
		AABBCC000000000000000040 /* Sources */ = {
			isa = PBXSourcesBuildPhase;
			buildActionMask = 2147483647;
			files = (
				AABBCC000000000000000020 /* LukeApp.swift in Sources */,
				AABBCC000000000000000021 /* ContentView.swift in Sources */,
				AABBCC000000000000000085 /* Marks.swift in Sources */,
				AABBCC000000000000000088 /* Palette.swift in Sources */,
				AABBCC000000000000000086 /* SVGPath.swift in Sources */,
				AABBCC000000000000000087 /* VaultView.swift in Sources */,
				AABBCC00000000000000008A /* SessionsView.swift in Sources */,
				AABBCC0000000000000000F9 /* SessionsStore.swift in Sources */,
				AABBCC00000000000000008C /* SessionDetailView.swift in Sources */,
				AABBCC00000000000000008D /* WorkspaceCreatorSheet.swift in Sources */,
				AABBCC00000000000000008E /* SessionReplay.swift in Sources */,
				AABBCC0000000000000000A2 /* PresenceBinding.swift in Sources */,
				AABBCC0000000000000000A4 /* MarkdownMessageView.swift in Sources */,
				AABBCC0000000000000000CA /* PhoneSessionRelay.swift in Sources */,
				AABBCC0000000000000000D4 /* VoiceView.swift in Sources */,
				AABBCC0000000000000000D5 /* VoiceAudioCapturer.swift in Sources */,
				AABBCC0000000000000000D6 /* VoiceAudioPlayer.swift in Sources */,
				AABBCC0000000000000000D9 /* VoiceSettingsSheet.swift in Sources */,
			);
			runOnlyForDeploymentPostprocessing = 0;
		};
		AABBCC000000000000000043 /* Sources */ = {
			isa = PBXSourcesBuildPhase;
			buildActionMask = 2147483647;
			files = (
				AABBCC000000000000000089 /* CanvasInkTests.swift in Sources */,
				AABBCC000000000000000023 /* LukeTests.swift in Sources */,
			);
			runOnlyForDeploymentPostprocessing = 0;
		};
		AABBCC0000000000000000BA /* Sources */ = {
			isa = PBXSourcesBuildPhase;
			buildActionMask = 2147483647;
			files = (
				AABBCC0000000000000000B4 /* LukeWatchApp.swift in Sources */,
				AABBCC0000000000000000B5 /* LukeWatchView.swift in Sources */,
				AABBCC0000000000000000C7 /* WatchTokenStore.swift in Sources */,
				AABBCC0000000000000000FB /* WatchNetwork.swift in Sources */,
				AABBCC0000000000000000FD /* WatchVoiceAudioSession.swift in Sources */,
				AABBCC0000000000000000F7 /* WatchWebSocketChannel.swift in Sources */,
				AABBCC0000000000000000C8 /* WatchAccountSession.swift in Sources */,
				AABBCC0000000000000000C9 /* WatchConnectivityReceiver.swift in Sources */,
				AABBCC0000000000000000E2 /* WatchRosterStore.swift in Sources */,
				AABBCC0000000000000000E4 /* WatchRosterView.swift in Sources */,
				AABBCC0000000000000000E6 /* WatchVoiceView.swift in Sources */,
				AABBCC0000000000000000E8 /* WatchVoiceSessionModel.swift in Sources */,
				AABBCC0000000000000000EA /* WatchAudioCapturer.swift in Sources */,
				AABBCC0000000000000000EC /* WatchAudioPlayer.swift in Sources */,
				AABBCC0000000000000000EE /* WatchLukeMark.swift in Sources */,
				AABBCC0000000000000000F6 /* WatchNavigation.swift in Sources */,
				AABBCC0000000000000000F4 /* MarkdownMessageView.swift in Sources */,
			);
			runOnlyForDeploymentPostprocessing = 0;
		};
/* End PBXSourcesBuildPhase section */

/* Begin PBXTargetDependency section */
		AABBCC0000000000000000F3 /* PBXTargetDependency */ = {
			isa = PBXTargetDependency;
			target = AABBCC0000000000000000B9 /* LukeWatch */;
			targetProxy = AABBCC0000000000000000F1 /* PBXContainerItemProxy */;
		};
/* End PBXTargetDependency section */

/* Begin XCBuildConfiguration section */
		AABBCC000000000000000070 /* Debug */ = {
			isa = XCBuildConfiguration;
			buildSettings = {
				ALWAYS_SEARCH_USER_PATHS = NO;
				ASSETCATALOG_COMPILER_GENERATE_SWIFT_ASSET_SYMBOL_EXTENSIONS = YES;
				CLANG_ANALYZER_NONNULL = YES;
				CLANG_ANALYZER_NUMBER_OBJECT_CONVERSION = YES_AGGRESSIVE;
				CLANG_CXX_LANGUAGE_STANDARD = "gnu++20";
				CLANG_ENABLE_MODULES = YES;
				CLANG_ENABLE_OBJC_ARC = YES;
				CLANG_ENABLE_OBJC_WEAK = YES;
				CLANG_WARN_BLOCK_CAPTURE_AUTORELEASING = YES;
				CLANG_WARN_BOOL_CONVERSION = YES;
				CLANG_WARN_COMMA = YES;
				CLANG_WARN_CONSTANT_CONVERSION = YES;
				CLANG_WARN_DEPRECATED_OBJC_IMPLEMENTATIONS = YES;
				CLANG_WARN_DIRECT_OBJC_ISA_USAGE = YES_ERROR;
				CLANG_WARN_DOCUMENTATION_COMMENTS = YES;
				CLANG_WARN_EMPTY_BODY = YES;
				CLANG_WARN_ENUM_CONVERSION = YES;
				CLANG_WARN_INFINITE_RECURSION = YES;
				CLANG_WARN_INT_CONVERSION = YES;
				CLANG_WARN_NON_LITERAL_NULL_CONVERSION = YES;
				CLANG_WARN_OBJC_IMPLICIT_RETAIN_SELF = YES;
				CLANG_WARN_OBJC_LITERAL_CONVERSION = YES;
				CLANG_WARN_OBJC_ROOT_CLASS = YES_ERROR;
				CLANG_WARN_QUOTED_INCLUDE_IN_FRAMEWORK_HEADER = YES;
				CLANG_WARN_RANGE_LOOP_ANALYSIS = YES;
				CLANG_WARN_STRICT_PROTOTYPES = YES;
				CLANG_WARN_SUSPICIOUS_MOVE = YES;
				CLANG_WARN_UNGUARDED_AVAILABILITY = YES_AGGRESSIVE;
				CLANG_WARN_UNREACHABLE_CODE = YES;
				CLANG_WARN__DUPLICATE_METHOD_MATCH = YES;
				COPY_PHASE_STRIP = NO;
				DEBUG_INFORMATION_FORMAT = dwarf;
				ENABLE_STRICT_OBJC_MSGSEND = YES;
				ENABLE_TESTABILITY = YES;
				ENABLE_USER_SCRIPT_SANDBOXING = YES;
				GCC_C_LANGUAGE_STANDARD = gnu17;
				GCC_DYNAMIC_NO_PIC = NO;
				GCC_NO_COMMON_BLOCKS = YES;
				GCC_OPTIMIZATION_LEVEL = 0;
				GCC_PREPROCESSOR_DEFINITIONS = (
					"DEBUG=1",
					"$(inherited)",
				);
				GCC_WARN_64_TO_32_BIT_CONVERSION = YES;
				GCC_WARN_ABOUT_RETURN_TYPE = YES_ERROR;
				GCC_WARN_UNDECLARED_SELECTOR = YES;
				GCC_WARN_UNINITIALIZED_AUTOS = YES_AGGRESSIVE;
				GCC_WARN_UNUSED_FUNCTION = YES;
				GCC_WARN_UNUSED_VARIABLE = YES;
				IPHONEOS_DEPLOYMENT_TARGET = 17.0;
				LOCALIZATION_PREFERS_STRING_CATALOGS = YES;
				MTL_ENABLE_DEBUG_INFO = INCLUDE_SOURCE;
				MTL_FAST_MATH = YES;
				ONLY_ACTIVE_ARCH = YES;
				SDKROOT = iphoneos;
				SWIFT_ACTIVE_COMPILATION_CONDITIONS = "DEBUG $(inherited)";
				SWIFT_OPTIMIZATION_LEVEL = "-Onone";
			};
			name = Debug;
		};
		AABBCC000000000000000071 /* Release */ = {
			isa = XCBuildConfiguration;
			buildSettings = {
				ALWAYS_SEARCH_USER_PATHS = NO;
				ASSETCATALOG_COMPILER_GENERATE_SWIFT_ASSET_SYMBOL_EXTENSIONS = YES;
				CLANG_ANALYZER_NONNULL = YES;
				CLANG_ANALYZER_NUMBER_OBJECT_CONVERSION = YES_AGGRESSIVE;
				CLANG_CXX_LANGUAGE_STANDARD = "gnu++20";
				CLANG_ENABLE_MODULES = YES;
				CLANG_ENABLE_OBJC_ARC = YES;
				CLANG_ENABLE_OBJC_WEAK = YES;
				CLANG_WARN_BLOCK_CAPTURE_AUTORELEASING = YES;
				CLANG_WARN_BOOL_CONVERSION = YES;
				CLANG_WARN_COMMA = YES;
				CLANG_WARN_CONSTANT_CONVERSION = YES;
				CLANG_WARN_DEPRECATED_OBJC_IMPLEMENTATIONS = YES;
				CLANG_WARN_DIRECT_OBJC_ISA_USAGE = YES_ERROR;
				CLANG_WARN_DOCUMENTATION_COMMENTS = YES;
				CLANG_WARN_EMPTY_BODY = YES;
				CLANG_WARN_ENUM_CONVERSION = YES;
				CLANG_WARN_INFINITE_RECURSION = YES;
				CLANG_WARN_INT_CONVERSION = YES;
				CLANG_WARN_NON_LITERAL_NULL_CONVERSION = YES;
				CLANG_WARN_OBJC_IMPLICIT_RETAIN_SELF = YES;
				CLANG_WARN_OBJC_LITERAL_CONVERSION = YES;
				CLANG_WARN_OBJC_ROOT_CLASS = YES_ERROR;
				CLANG_WARN_QUOTED_INCLUDE_IN_FRAMEWORK_HEADER = YES;
				CLANG_WARN_RANGE_LOOP_ANALYSIS = YES;
				CLANG_WARN_STRICT_PROTOTYPES = YES;
				CLANG_WARN_SUSPICIOUS_MOVE = YES;
				CLANG_WARN_UNGUARDED_AVAILABILITY = YES_AGGRESSIVE;
				CLANG_WARN_UNREACHABLE_CODE = YES;
				CLANG_WARN__DUPLICATE_METHOD_MATCH = YES;
				COPY_PHASE_STRIP = NO;
				DEBUG_INFORMATION_FORMAT = "dwarf-with-dsym";
				ENABLE_NS_ASSERTIONS = NO;
				ENABLE_STRICT_OBJC_MSGSEND = YES;
				ENABLE_USER_SCRIPT_SANDBOXING = YES;
				GCC_C_LANGUAGE_STANDARD = gnu17;
				GCC_NO_COMMON_BLOCKS = YES;
				GCC_WARN_64_TO_32_BIT_CONVERSION = YES;
				GCC_WARN_ABOUT_RETURN_TYPE = YES_ERROR;
				GCC_WARN_UNDECLARED_SELECTOR = YES;
				GCC_WARN_UNINITIALIZED_AUTOS = YES_AGGRESSIVE;
				GCC_WARN_UNUSED_FUNCTION = YES;
				GCC_WARN_UNUSED_VARIABLE = YES;
				IPHONEOS_DEPLOYMENT_TARGET = 17.0;
				LOCALIZATION_PREFERS_STRING_CATALOGS = YES;
				MTL_FAST_MATH = YES;
				SDKROOT = iphoneos;
				SWIFT_COMPILATION_MODE = wholemodule;
				SWIFT_OPTIMIZATION_LEVEL = "-O";
				VALIDATE_PRODUCT = YES;
			};
			name = Release;
		};
		AABBCC000000000000000072 /* Debug */ = {
			isa = XCBuildConfiguration;
			buildSettings = {
				ASSETCATALOG_COMPILER_APPICON_NAME = AppIcon;
				ASSETCATALOG_COMPILER_GLOBAL_ACCENT_COLOR_NAME = AccentColor;
				CODE_SIGN_IDENTITY = "Apple Development";
				CODE_SIGN_STYLE = Automatic;
				CURRENT_PROJECT_VERSION = 1;
				DEVELOPMENT_TEAM = 7UHHCDBUK2;
				ENABLE_PREVIEWS = YES;
				GENERATE_INFOPLIST_FILE = YES;
				INFOPLIST_FILE = Luke/Info.plist;
				INFOPLIST_KEY_NSMicrophoneUsageDescription = "Luke uses the microphone to hear your voice when you hold the talk button.";
				INFOPLIST_KEY_UIApplicationSceneManifest_Generation = YES;
				INFOPLIST_KEY_UIApplicationSupportsIndirectInputEvents = YES;
				INFOPLIST_KEY_UILaunchScreen_Generation = YES;
				INFOPLIST_KEY_NSMicrophoneUsageDescription = "Luke uses the microphone to hear your voice when you hold the talk button.";
				INFOPLIST_KEY_UISupportedInterfaceOrientations_iPad = "UIInterfaceOrientationPortrait UIInterfaceOrientationPortraitUpsideDown UIInterfaceOrientationLandscapeLeft UIInterfaceOrientationLandscapeRight";
				INFOPLIST_KEY_UISupportedInterfaceOrientations_iPhone = "UIInterfaceOrientationPortrait UIInterfaceOrientationLandscapeLeft UIInterfaceOrientationLandscapeRight";
				LD_RUNPATH_SEARCH_PATHS = (
					"$(inherited)",
					"@executable_path/Frameworks",
				);
				MARKETING_VERSION = 0.1.1;
				POSTHOG_PROJECT_API_KEY = "";
				PRODUCT_BUNDLE_IDENTIFIER = dev.tryluke.ios;
				PRODUCT_NAME = "$(TARGET_NAME)";
				PROVISIONING_PROFILE_SPECIFIER = "";
				SWIFT_EMIT_LOC_STRINGS = YES;
				SWIFT_VERSION = 5.0;
				TARGETED_DEVICE_FAMILY = 1;
			};
			name = Debug;
		};
		AABBCC000000000000000073 /* Release */ = {
			isa = XCBuildConfiguration;
			buildSettings = {
				ASSETCATALOG_COMPILER_APPICON_NAME = AppIcon;
				ASSETCATALOG_COMPILER_GLOBAL_ACCENT_COLOR_NAME = AccentColor;
				CODE_SIGN_IDENTITY = "Apple Development";
				CODE_SIGN_STYLE = Automatic;
				CURRENT_PROJECT_VERSION = 1;
				DEVELOPMENT_TEAM = 7UHHCDBUK2;
				ENABLE_PREVIEWS = YES;
				GENERATE_INFOPLIST_FILE = YES;
				INFOPLIST_FILE = Luke/Info.plist;
				INFOPLIST_KEY_NSMicrophoneUsageDescription = "Luke uses the microphone to hear your voice when you hold the talk button.";
				INFOPLIST_KEY_UIApplicationSceneManifest_Generation = YES;
				INFOPLIST_KEY_UIApplicationSupportsIndirectInputEvents = YES;
				INFOPLIST_KEY_UILaunchScreen_Generation = YES;
				INFOPLIST_KEY_NSMicrophoneUsageDescription = "Luke uses the microphone to hear your voice when you hold the talk button.";
				INFOPLIST_KEY_UISupportedInterfaceOrientations_iPad = "UIInterfaceOrientationPortrait UIInterfaceOrientationPortraitUpsideDown UIInterfaceOrientationLandscapeLeft UIInterfaceOrientationLandscapeRight";
				INFOPLIST_KEY_UISupportedInterfaceOrientations_iPhone = "UIInterfaceOrientationPortrait UIInterfaceOrientationLandscapeLeft UIInterfaceOrientationLandscapeRight";
				LD_RUNPATH_SEARCH_PATHS = (
					"$(inherited)",
					"@executable_path/Frameworks",
				);
				MARKETING_VERSION = 0.1.1;
				POSTHOG_PROJECT_API_KEY = "";
				PRODUCT_BUNDLE_IDENTIFIER = dev.tryluke.ios;
				PRODUCT_NAME = "$(TARGET_NAME)";
				PROVISIONING_PROFILE_SPECIFIER = "";
				SWIFT_EMIT_LOC_STRINGS = YES;
				SWIFT_VERSION = 5.0;
				TARGETED_DEVICE_FAMILY = 1;
			};
			name = Release;
		};
		AABBCC000000000000000074 /* Debug */ = {
			isa = XCBuildConfiguration;
			buildSettings = {
				CODE_SIGN_IDENTITY = "-";
				CODE_SIGN_STYLE = Manual;
				CURRENT_PROJECT_VERSION = 1;
				GENERATE_INFOPLIST_FILE = YES;
				MARKETING_VERSION = 0.1.1;
				PRODUCT_BUNDLE_IDENTIFIER = dev.tryluke.ios.LukeTests;
				PRODUCT_NAME = "$(TARGET_NAME)";
				SWIFT_EMIT_LOC_STRINGS = NO;
				SWIFT_VERSION = 5.0;
				TARGETED_DEVICE_FAMILY = 1;
			};
			name = Debug;
		};
		AABBCC000000000000000075 /* Release */ = {
			isa = XCBuildConfiguration;
			buildSettings = {
				CODE_SIGN_IDENTITY = "-";
				CODE_SIGN_STYLE = Manual;
				CURRENT_PROJECT_VERSION = 1;
				GENERATE_INFOPLIST_FILE = YES;
				MARKETING_VERSION = 0.1.1;
				PRODUCT_BUNDLE_IDENTIFIER = dev.tryluke.ios.LukeTests;
				PRODUCT_NAME = "$(TARGET_NAME)";
				SWIFT_EMIT_LOC_STRINGS = NO;
				SWIFT_VERSION = 5.0;
				TARGETED_DEVICE_FAMILY = 1;
			};
			name = Release;
		};
		AABBCC0000000000000000BD /* Debug */ = {
			isa = XCBuildConfiguration;
			buildSettings = {
				ASSETCATALOG_COMPILER_APPICON_NAME = AppIcon;
				ASSETCATALOG_COMPILER_GLOBAL_ACCENT_COLOR_NAME = AccentColor;
				CODE_SIGN_IDENTITY = "Apple Development";
				CODE_SIGN_STYLE = Automatic;
				CURRENT_PROJECT_VERSION = 1;
				DEVELOPMENT_TEAM = 7UHHCDBUK2;
				ENABLE_PREVIEWS = YES;
				GENERATE_INFOPLIST_FILE = YES;
				INFOPLIST_FILE = LukeWatch/Info.plist;
				INFOPLIST_KEY_CFBundleDisplayName = Luke;
				INFOPLIST_KEY_NSMicrophoneUsageDescription = "Luke uses the microphone to hear your voice when you hold the talk button.";
				INFOPLIST_KEY_WKCompanionAppBundleIdentifier = dev.tryluke.ios;
				LD_RUNPATH_SEARCH_PATHS = (
					"$(inherited)",
					"@executable_path/Frameworks",
				);
				MARKETING_VERSION = 0.1.1;
				PRODUCT_BUNDLE_IDENTIFIER = dev.tryluke.ios.watchkitapp;
				PRODUCT_NAME = "$(TARGET_NAME)";
				SDKROOT = watchos;
				SWIFT_EMIT_LOC_STRINGS = YES;
				SWIFT_VERSION = 5.0;
				TARGETED_DEVICE_FAMILY = 4;
				WATCHOS_DEPLOYMENT_TARGET = 10.0;
			};
			name = Debug;
		};
		AABBCC0000000000000000BE /* Release */ = {
			isa = XCBuildConfiguration;
			buildSettings = {
				ASSETCATALOG_COMPILER_APPICON_NAME = AppIcon;
				ASSETCATALOG_COMPILER_GLOBAL_ACCENT_COLOR_NAME = AccentColor;
				CODE_SIGN_IDENTITY = "Apple Development";
				CODE_SIGN_STYLE = Automatic;
				CURRENT_PROJECT_VERSION = 1;
				DEVELOPMENT_TEAM = 7UHHCDBUK2;
				ENABLE_PREVIEWS = YES;
				GENERATE_INFOPLIST_FILE = YES;
				INFOPLIST_FILE = LukeWatch/Info.plist;
				INFOPLIST_KEY_CFBundleDisplayName = Luke;
				INFOPLIST_KEY_NSMicrophoneUsageDescription = "Luke uses the microphone to hear your voice when you hold the talk button.";
				INFOPLIST_KEY_WKCompanionAppBundleIdentifier = dev.tryluke.ios;
				LD_RUNPATH_SEARCH_PATHS = (
					"$(inherited)",
					"@executable_path/Frameworks",
				);
				MARKETING_VERSION = 0.1.1;
				PRODUCT_BUNDLE_IDENTIFIER = dev.tryluke.ios.watchkitapp;
				PRODUCT_NAME = "$(TARGET_NAME)";
				SDKROOT = watchos;
				SWIFT_EMIT_LOC_STRINGS = YES;
				SWIFT_VERSION = 5.0;
				TARGETED_DEVICE_FAMILY = 4;
				WATCHOS_DEPLOYMENT_TARGET = 10.0;
			};
			name = Release;
		};
/* End XCBuildConfiguration section */

/* Begin XCConfigurationList section */
		AABBCC000000000000000060 /* Build configuration list for PBXProject "Luke" */ = {
			isa = XCConfigurationList;
			buildConfigurations = (
				AABBCC000000000000000070 /* Debug */,
				AABBCC000000000000000071 /* Release */,
			);
			defaultConfigurationIsVisible = 0;
			defaultConfigurationName = Release;
		};
		AABBCC000000000000000061 /* Build configuration list for PBXNativeTarget "Luke" */ = {
			isa = XCConfigurationList;
			buildConfigurations = (
				AABBCC000000000000000072 /* Debug */,
				AABBCC000000000000000073 /* Release */,
			);
			defaultConfigurationIsVisible = 0;
			defaultConfigurationName = Release;
		};
		AABBCC000000000000000062 /* Build configuration list for PBXNativeTarget "LukeTests" */ = {
			isa = XCConfigurationList;
			buildConfigurations = (
				AABBCC000000000000000074 /* Debug */,
				AABBCC000000000000000075 /* Release */,
			);
			defaultConfigurationIsVisible = 0;
			defaultConfigurationName = Release;
		};
		AABBCC0000000000000000BF /* Build configuration list for PBXNativeTarget "LukeWatch" */ = {
			isa = XCConfigurationList;
			buildConfigurations = (
				AABBCC0000000000000000BD /* Debug */,
				AABBCC0000000000000000BE /* Release */,
			);
			defaultConfigurationIsVisible = 0;
			defaultConfigurationName = Release;
		};
/* End XCConfigurationList section */

/* Begin XCLocalSwiftPackageReference section */
		AABBCC000000000000000080 /* XCLocalSwiftPackageReference "LukeKit" */ = {
			isa = XCLocalSwiftPackageReference;
			relativePath = LukeKit;
		};
/* End XCLocalSwiftPackageReference section */

/* Begin XCRemoteSwiftPackageReference section */
		AABBCC000000000000000090 /* XCRemoteSwiftPackageReference "posthog-ios" */ = {
			isa = XCRemoteSwiftPackageReference;
			repositoryURL = "https://github.com/PostHog/posthog-ios.git";
			requirement = {
				kind = upToNextMajorVersion;
				minimumVersion = 3.71.0;
			};
		};
/* End XCRemoteSwiftPackageReference section */

/* Begin XCSwiftPackageProductDependency section */
		AABBCC000000000000000081 /* LukeKit */ = {
			isa = XCSwiftPackageProductDependency;
			package = AABBCC000000000000000080 /* XCLocalSwiftPackageReference "LukeKit" */;
			productName = LukeKit;
		};
		AABBCC000000000000000082 /* LukeKit */ = {
			isa = XCSwiftPackageProductDependency;
			package = AABBCC000000000000000080 /* XCLocalSwiftPackageReference "LukeKit" */;
			productName = LukeKit;
		};
		AABBCC000000000000000091 /* PostHog */ = {
			isa = XCSwiftPackageProductDependency;
			package = AABBCC000000000000000090 /* XCRemoteSwiftPackageReference "posthog-ios" */;
			productName = PostHog;
		};
		AABBCC0000000000000000C0 /* LukeKit */ = {
			isa = XCSwiftPackageProductDependency;
			package = AABBCC000000000000000080 /* XCLocalSwiftPackageReference "LukeKit" */;
			productName = LukeKit;
		};
/* End XCSwiftPackageProductDependency section */
	};
	rootObject = AABBCC000000000000000001 /* Project object */;
}
